// !$*UTF8*$!
{
	archiveVersion = 1;
	classes = {
	};
	objectVersion = 50;
	objects = {

/* Begin PBXBuildFile section */
		CD7D349323357E6400D24081 /* AppDelegate.swift in Sources */ = {isa = PBXBuildFile; fileRef = CD7D349223357E6300D24081 /* AppDelegate.swift */; };
		CD7D349523357E6400D24081 /* ViewController.swift in Sources */ = {isa = PBXBuildFile; fileRef = CD7D349423357E6400D24081 /* ViewController.swift */; };
		CD7D349823357E6400D24081 /* Main.storyboard in Resources */ = {isa = PBXBuildFile; fileRef = CD7D349623357E6400D24081 /* Main.storyboard */; };
		CD7D349A23357E6700D24081 /* Assets.xcassets in Resources */ = {isa = PBXBuildFile; fileRef = CD7D349923357E6700D24081 /* Assets.xcassets */; };
		CD7D349D23357E6700D24081 /* LaunchScreen.storyboard in Resources */ = {isa = PBXBuildFile; fileRef = CD7D349B23357E6700D24081 /* LaunchScreen.storyboard */; };
		CD7D34A823357E6700D24081 /* UserDefaultsIntroductionTests.swift in Sources */ = {isa = PBXBuildFile; fileRef = CD7D34A723357E6700D24081 /* UserDefaultsIntroductionTests.swift */; };
/* End PBXBuildFile section */

/* Begin PBXContainerItemProxy section */
		CD7D34A423357E6700D24081 /* PBXContainerItemProxy */ = {
			isa = PBXContainerItemProxy;
			containerPortal = CD7D348723357E6300D24081 /* Project object */;
			proxyType = 1;
			remoteGlobalIDString = CD7D348E23357E6300D24081;
			remoteInfo = UserDefaultsIntroduction;
		};
/* End PBXContainerItemProxy section */

/* Begin PBXFileReference section */
		CD7D348F23357E6300D24081 /* UserDefaultsIntroduction.app */ = {isa = PBXFileReference; explicitFileType = wrapper.application; includeInIndex = 0; path = UserDefaultsIntroduction.app; sourceTree = BUILT_PRODUCTS_DIR; };
		CD7D349223357E6300D24081 /* AppDelegate.swift */ = {isa = PBXFileReference; lastKnownFileType = sourcecode.swift; path = AppDelegate.swift; sourceTree = "<group>"; };
		CD7D349423357E6400D24081 /* ViewController.swift */ = {isa = PBXFileReference; lastKnownFileType = sourcecode.swift; path = ViewController.swift; sourceTree = "<group>"; };
		CD7D349723357E6400D24081 /* Base */ = {isa = PBXFileReference; lastKnownFileType = file.storyboard; name = Base; path = Base.lproj/Main.storyboard; sourceTree = "<group>"; };
		CD7D349923357E6700D24081 /* Assets.xcassets */ = {isa = PBXFileReference; lastKnownFileType = folder.assetcatalog; path = Assets.xcassets; sourceTree = "<group>"; };
		CD7D349C23357E6700D24081 /* Base */ = {isa = PBXFileReference; lastKnownFileType = file.storyboard; name = Base; path = Base.lproj/LaunchScreen.storyboard; sourceTree = "<group>"; };
		CD7D349E23357E6700D24081 /* Info.plist */ = {isa = PBXFileReference; lastKnownFileType = text.plist.xml; path = Info.plist; sourceTree = "<group>"; };
		CD7D34A323357E6700D24081 /* UserDefaultsIntroductionTests.xctest */ = {isa = PBXFileReference; explicitFileType = wrapper.cfbundle; includeInIndex = 0; path = UserDefaultsIntroductionTests.xctest; sourceTree = BUILT_PRODUCTS_DIR; };
		CD7D34A723357E6700D24081 /* UserDefaultsIntroductionTests.swift */ = {isa = PBXFileReference; lastKnownFileType = sourcecode.swift; path = UserDefaultsIntroductionTests.swift; sourceTree = "<group>"; };
		CD7D34A923357E6700D24081 /* Info.plist */ = {isa = PBXFileReference; lastKnownFileType = text.plist.xml; path = Info.plist; sourceTree = "<group>"; };
/* End PBXFileReference section */

/* Begin PBXFrameworksBuildPhase section */
		CD7D348C23357E6300D24081 /* Frameworks */ = {
			isa = PBXFrameworksBuildPhase;
			buildActionMask = 2147483647;
			files = (
			);
			runOnlyForDeploymentPostprocessing = 0;
		};
		CD7D34A023357E6700D24081 /* Frameworks */ = {
			isa = PBXFrameworksBuildPhase;
			buildActionMask = 2147483647;
			files = (
			);
			runOnlyForDeploymentPostprocessing = 0;
		};
/* End PBXFrameworksBuildPhase section */

/* Begin PBXGroup section */
		CD7D348623357E6300D24081 = {
			isa = PBXGroup;
			children = (
				CD7D349123357E6300D24081 /* UserDefaultsIntroduction */,
				CD7D34A623357E6700D24081 /* UserDefaultsIntroductionTests */,
				CD7D349023357E6300D24081 /* Products */,
			);
			sourceTree = "<group>";
		};
		CD7D349023357E6300D24081 /* Products */ = {
			isa = PBXGroup;
			children = (
				CD7D348F23357E6300D24081 /* UserDefaultsIntroduction.app */,
				CD7D34A323357E6700D24081 /* UserDefaultsIntroductionTests.xctest */,
			);
			name = Products;
			sourceTree = "<group>";
		};
		CD7D349123357E6300D24081 /* UserDefaultsIntroduction */ = {
			isa = PBXGroup;
			children = (
				CD7D349223357E6300D24081 /* AppDelegate.swift */,
				CD7D349423357E6400D24081 /* ViewController.swift */,
				CD7D349623357E6400D24081 /* Main.storyboard */,
				CD7D349923357E6700D24081 /* Assets.xcassets */,
				CD7D349B23357E6700D24081 /* LaunchScreen.storyboard */,
				CD7D349E23357E6700D24081 /* Info.plist */,
			);
			path = UserDefaultsIntroduction;
			sourceTree = "<group>";
		};
		CD7D34A623357E6700D24081 /* UserDefaultsIntroductionTests */ = {
			isa = PBXGroup;
			children = (
				CD7D34A723357E6700D24081 /* UserDefaultsIntroductionTests.swift */,
				CD7D34A923357E6700D24081 /* Info.plist */,
			);
			path = UserDefaultsIntroductionTests;
			sourceTree = "<group>";
		};
/* End PBXGroup section */

/* Begin PBXNativeTarget section */
		CD7D348E23357E6300D24081 /* UserDefaultsIntroduction */ = {
			isa = PBXNativeTarget;
			buildConfigurationList = CD7D34AC23357E6700D24081 /* Build configuration list for PBXNativeTarget "UserDefaultsIntroduction" */;
			buildPhases = (
				CD7D348B23357E6300D24081 /* Sources */,
				CD7D348C23357E6300D24081 /* Frameworks */,
				CD7D348D23357E6300D24081 /* Resources */,
			);
			buildRules = (
			);
			dependencies = (
			);
			name = UserDefaultsIntroduction;
			productName = UserDefaultsIntroduction;
			productReference = CD7D348F23357E6300D24081 /* UserDefaultsIntroduction.app */;
			productType = "com.apple.product-type.application";
		};
		CD7D34A223357E6700D24081 /* UserDefaultsIntroductionTests */ = {
			isa = PBXNativeTarget;
			buildConfigurationList = CD7D34AF23357E6700D24081 /* Build configuration list for PBXNativeTarget "UserDefaultsIntroductionTests" */;
			buildPhases = (
				CD7D349F23357E6700D24081 /* Sources */,
				CD7D34A023357E6700D24081 /* Frameworks */,
				CD7D34A123357E6700D24081 /* Resources */,
			);
			buildRules = (
			);
			dependencies = (
				CD7D34A523357E6700D24081 /* PBXTargetDependency */,
			);
			name = UserDefaultsIntroductionTests;
			productName = UserDefaultsIntroductionTests;
			productReference = CD7D34A323357E6700D24081 /* UserDefaultsIntroductionTests.xctest */;
			productType = "com.apple.product-type.bundle.unit-test";
		};
/* End PBXNativeTarget section */

/* Begin PBXProject section */
		CD7D348723357E6300D24081 /* Project object */ = {
			isa = PBXProject;
			attributes = {
				LastSwiftUpdateCheck = 1020;
				LastUpgradeCheck = 1020;
				ORGANIZATIONNAME = "Benjamin Stone";
				TargetAttributes = {
					CD7D348E23357E6300D24081 = {
						CreatedOnToolsVersion = 10.2.1;
					};
					CD7D34A223357E6700D24081 = {
						CreatedOnToolsVersion = 10.2.1;
						TestTargetID = CD7D348E23357E6300D24081;
					};
				};
			};
			buildConfigurationList = CD7D348A23357E6300D24081 /* Build configuration list for PBXProject "UserDefaultsIntroduction" */;
			compatibilityVersion = "Xcode 9.3";
			developmentRegion = en;
			hasScannedForEncodings = 0;
			knownRegions = (
				en,
				Base,
			);
			mainGroup = CD7D348623357E6300D24081;
			productRefGroup = CD7D349023357E6300D24081 /* Products */;
			projectDirPath = "";
			projectRoot = "";
			targets = (
				CD7D348E23357E6300D24081 /* UserDefaultsIntroduction */,
				CD7D34A223357E6700D24081 /* UserDefaultsIntroductionTests */,
			);
		};
/* End PBXProject section */

/* Begin PBXResourcesBuildPhase section */
		CD7D348D23357E6300D24081 /* Resources */ = {
			isa = PBXResourcesBuildPhase;
			buildActionMask = 2147483647;
			files = (
				CD7D349D23357E6700D24081 /* LaunchScreen.storyboard in Resources */,
				CD7D349A23357E6700D24081 /* Assets.xcassets in Resources */,
				CD7D349823357E6400D24081 /* Main.storyboard in Resources */,
			);
			runOnlyForDeploymentPostprocessing = 0;
		};
		CD7D34A123357E6700D24081 /* Resources */ = {
			isa = PBXResourcesBuildPhase;
			buildActionMask = 2147483647;
			files = (
			);
			runOnlyForDeploymentPostprocessing = 0;
		};
/* End PBXResourcesBuildPhase section */

/* Begin PBXSourcesBuildPhase section */
		CD7D348B23357E6300D24081 /* Sources */ = {
			isa = PBXSourcesBuildPhase;
			buildActionMask = 2147483647;
			files = (
				CD7D349523357E6400D24081 /* ViewController.swift in Sources */,
				CD7D349323357E6400D24081 /* AppDelegate.swift in Sources */,
			);
			runOnlyForDeploymentPostprocessing = 0;
		};
		CD7D349F23357E6700D24081 /* Sources */ = {
			isa = PBXSourcesBuildPhase;
			buildActionMask = 2147483647;
			files = (
				CD7D34A823357E6700D24081 /* UserDefaultsIntroductionTests.swift in Sources */,
			);
			runOnlyForDeploymentPostprocessing = 0;
		};
/* End PBXSourcesBuildPhase section */

/* Begin PBXTargetDependency section */
		CD7D34A523357E6700D24081 /* PBXTargetDependency */ = {
			isa = PBXTargetDependency;
			target = CD7D348E23357E6300D24081 /* UserDefaultsIntroduction */;
			targetProxy = CD7D34A423357E6700D24081 /* PBXContainerItemProxy */;
		};
/* End PBXTargetDependency section */

/* Begin PBXVariantGroup section */
		CD7D349623357E6400D24081 /* Main.storyboard */ = {
			isa = PBXVariantGroup;
			children = (
				CD7D349723357E6400D24081 /* Base */,
			);
			name = Main.storyboard;
			sourceTree = "<group>";
		};
		CD7D349B23357E6700D24081 /* LaunchScreen.storyboard */ = {
			isa = PBXVariantGroup;
			children = (
				CD7D349C23357E6700D24081 /* Base */,
			);
			name = LaunchScreen.storyboard;
			sourceTree = "<group>";
		};
/* End PBXVariantGroup section */

/* Begin XCBuildConfiguration section */
		CD7D34AA23357E6700D24081 /* Debug */ = {
			isa = XCBuildConfiguration;
			buildSettings = {
				ALWAYS_SEARCH_USER_PATHS = NO;
				CLANG_ANALYZER_NONNULL = YES;
				CLANG_ANALYZER_NUMBER_OBJECT_CONVERSION = YES_AGGRESSIVE;
				CLANG_CXX_LANGUAGE_STANDARD = "gnu++14";
				CLANG_CXX_LIBRARY = "libc++";
				CLANG_ENABLE_MODULES = YES;
				CLANG_ENABLE_OBJC_ARC = YES;
				CLANG_ENABLE_OBJC_WEAK = YES;
				CLANG_WARN_BLOCK_CAPTURE_AUTORELEASING = YES;
				CLANG_WARN_BOOL_CONVERSION = YES;
				CLANG_WARN_COMMA = YES;
				CLANG_WARN_CONSTANT_CONVERSION = YES;
				CLANG_WARN_DEPRECATED_OBJC_IMPLEMENTATIONS = YES;
				CLANG_WARN_DIRECT_OBJC_ISA_USAGE = YES_ERROR;
				CLANG_WARN_DOCUMENTATION_COMMENTS = YES;
				CLANG_WARN_EMPTY_BODY = YES;
				CLANG_WARN_ENUM_CONVERSION = YES;
				CLANG_WARN_INFINITE_RECURSION = YES;
				CLANG_WARN_INT_CONVERSION = YES;
				CLANG_WARN_NON_LITERAL_NULL_CONVERSION = YES;
				CLANG_WARN_OBJC_IMPLICIT_RETAIN_SELF = YES;
				CLANG_WARN_OBJC_LITERAL_CONVERSION = YES;
				CLANG_WARN_OBJC_ROOT_CLASS = YES_ERROR;
				CLANG_WARN_RANGE_LOOP_ANALYSIS = YES;
				CLANG_WARN_STRICT_PROTOTYPES = YES;
				CLANG_WARN_SUSPICIOUS_MOVE = YES;
				CLANG_WARN_UNGUARDED_AVAILABILITY = YES_AGGRESSIVE;
				CLANG_WARN_UNREACHABLE_CODE = YES;
				CLANG_WARN__DUPLICATE_METHOD_MATCH = YES;
				CODE_SIGN_IDENTITY = "iPhone Developer";
				COPY_PHASE_STRIP = NO;
				DEBUG_INFORMATION_FORMAT = dwarf;
				ENABLE_STRICT_OBJC_MSGSEND = YES;
				ENABLE_TESTABILITY = YES;
				GCC_C_LANGUAGE_STANDARD = gnu11;
				GCC_DYNAMIC_NO_PIC = NO;
				GCC_NO_COMMON_BLOCKS = YES;
				GCC_OPTIMIZATION_LEVEL = 0;
				GCC_PREPROCESSOR_DEFINITIONS = (
					"DEBUG=1",
					"$(inherited)",
				);
				GCC_WARN_64_TO_32_BIT_CONVERSION = YES;
				GCC_WARN_ABOUT_RETURN_TYPE = YES_ERROR;
				GCC_WARN_UNDECLARED_SELECTOR = YES;
				GCC_WARN_UNINITIALIZED_AUTOS = YES_AGGRESSIVE;
				GCC_WARN_UNUSED_FUNCTION = YES;
				GCC_WARN_UNUSED_VARIABLE = YES;
				IPHONEOS_DEPLOYMENT_TARGET = 12.2;
				MTL_ENABLE_DEBUG_INFO = INCLUDE_SOURCE;
				MTL_FAST_MATH = YES;
				ONLY_ACTIVE_ARCH = YES;
				SDKROOT = iphoneos;
				SWIFT_ACTIVE_COMPILATION_CONDITIONS = DEBUG;
				SWIFT_OPTIMIZATION_LEVEL = "-Onone";
			};
			name = Debug;
		};
		CD7D34AB23357E6700D24081 /* Release */ = {
			isa = XCBuildConfiguration;
			buildSettings = {
				ALWAYS_SEARCH_USER_PATHS = NO;
				CLANG_ANALYZER_NONNULL = YES;
				CLANG_ANALYZER_NUMBER_OBJECT_CONVERSION = YES_AGGRESSIVE;
				CLANG_CXX_LANGUAGE_STANDARD = "gnu++14";
				CLANG_CXX_LIBRARY = "libc++";
				CLANG_ENABLE_MODULES = YES;
				CLANG_ENABLE_OBJC_ARC = YES;
				CLANG_ENABLE_OBJC_WEAK = YES;
				CLANG_WARN_BLOCK_CAPTURE_AUTORELEASING = YES;
				CLANG_WARN_BOOL_CONVERSION = YES;
				CLANG_WARN_COMMA = YES;
				CLANG_WARN_CONSTANT_CONVERSION = YES;
				CLANG_WARN_DEPRECATED_OBJC_IMPLEMENTATIONS = YES;
				CLANG_WARN_DIRECT_OBJC_ISA_USAGE = YES_ERROR;
				CLANG_WARN_DOCUMENTATION_COMMENTS = YES;
				CLANG_WARN_EMPTY_BODY = YES;
				CLANG_WARN_ENUM_CONVERSION = YES;
				CLANG_WARN_INFINITE_RECURSION = YES;
				CLANG_WARN_INT_CONVERSION = YES;
				CLANG_WARN_NON_LITERAL_NULL_CONVERSION = YES;
				CLANG_WARN_OBJC_IMPLICIT_RETAIN_SELF = YES;
				CLANG_WARN_OBJC_LITERAL_CONVERSION = YES;
				CLANG_WARN_OBJC_ROOT_CLASS = YES_ERROR;
				CLANG_WARN_RANGE_LOOP_ANALYSIS = YES;
				CLANG_WARN_STRICT_PROTOTYPES = YES;
				CLANG_WARN_SUSPICIOUS_MOVE = YES;
				CLANG_WARN_UNGUARDED_AVAILABILITY = YES_AGGRESSIVE;
				CLANG_WARN_UNREACHABLE_CODE = YES;
				CLANG_WARN__DUPLICATE_METHOD_MATCH = YES;
				CODE_SIGN_IDENTITY = "iPhone Developer";
				COPY_PHASE_STRIP = NO;
				DEBUG_INFORMATION_FORMAT = "dwarf-with-dsym";
				ENABLE_NS_ASSERTIONS = NO;
				ENABLE_STRICT_OBJC_MSGSEND = YES;
				GCC_C_LANGUAGE_STANDARD = gnu11;
				GCC_NO_COMMON_BLOCKS = YES;
				GCC_WARN_64_TO_32_BIT_CONVERSION = YES;
				GCC_WARN_ABOUT_RETURN_TYPE = YES_ERROR;
				GCC_WARN_UNDECLARED_SELECTOR = YES;
				GCC_WARN_UNINITIALIZED_AUTOS = YES_AGGRESSIVE;
				GCC_WARN_UNUSED_FUNCTION = YES;
				GCC_WARN_UNUSED_VARIABLE = YES;
				IPHONEOS_DEPLOYMENT_TARGET = 12.2;
				MTL_ENABLE_DEBUG_INFO = NO;
				MTL_FAST_MATH = YES;
				SDKROOT = iphoneos;
				SWIFT_COMPILATION_MODE = wholemodule;
				SWIFT_OPTIMIZATION_LEVEL = "-O";
				VALIDATE_PRODUCT = YES;
			};
			name = Release;
		};
		CD7D34AD23357E6700D24081 /* Debug */ = {
			isa = XCBuildConfiguration;
			buildSettings = {
				ASSETCATALOG_COMPILER_APPICON_NAME = AppIcon;
				CODE_SIGN_STYLE = Automatic;
				INFOPLIST_FILE = UserDefaultsIntroduction/Info.plist;
				LD_RUNPATH_SEARCH_PATHS = (
					"$(inherited)",
					"@executable_path/Frameworks",
				);
				PRODUCT_BUNDLE_IDENTIFIER = pursuit.UserDefaultsIntroduction;
				PRODUCT_NAME = "$(TARGET_NAME)";
				SWIFT_VERSION = 5.0;
				TARGETED_DEVICE_FAMILY = "1,2";
			};
			name = Debug;
		};
		CD7D34AE23357E6700D24081 /* Release */ = {
			isa = XCBuildConfiguration;
			buildSettings = {
				ASSETCATALOG_COMPILER_APPICON_NAME = AppIcon;
				CODE_SIGN_STYLE = Automatic;
				INFOPLIST_FILE = UserDefaultsIntroduction/Info.plist;
				LD_RUNPATH_SEARCH_PATHS = (
					"$(inherited)",
					"@executable_path/Frameworks",
				);
				PRODUCT_BUNDLE_IDENTIFIER = pursuit.UserDefaultsIntroduction;
				PRODUCT_NAME = "$(TARGET_NAME)";
				SWIFT_VERSION = 5.0;
				TARGETED_DEVICE_FAMILY = "1,2";
			};
			name = Release;
		};
		CD7D34B023357E6700D24081 /* Debug */ = {
			isa = XCBuildConfiguration;
			buildSettings = {
				ALWAYS_EMBED_SWIFT_STANDARD_LIBRARIES = YES;
				BUNDLE_LOADER = "$(TEST_HOST)";
				CODE_SIGN_STYLE = Automatic;
				INFOPLIST_FILE = UserDefaultsIntroductionTests/Info.plist;
				LD_RUNPATH_SEARCH_PATHS = (
					"$(inherited)",
					"@executable_path/Frameworks",
					"@loader_path/Frameworks",
				);
				PRODUCT_BUNDLE_IDENTIFIER = pursuit.UserDefaultsIntroductionTests;
				PRODUCT_NAME = "$(TARGET_NAME)";
				SWIFT_VERSION = 5.0;
				TARGETED_DEVICE_FAMILY = "1,2";
				TEST_HOST = "$(BUILT_PRODUCTS_DIR)/UserDefaultsIntroduction.app/UserDefaultsIntroduction";
			};
			name = Debug;
		};
		CD7D34B123357E6700D24081 /* Release */ = {
			isa = XCBuildConfiguration;
			buildSettings = {
				ALWAYS_EMBED_SWIFT_STANDARD_LIBRARIES = YES;
				BUNDLE_LOADER = "$(TEST_HOST)";
				CODE_SIGN_STYLE = Automatic;
				INFOPLIST_FILE = UserDefaultsIntroductionTests/Info.plist;
				LD_RUNPATH_SEARCH_PATHS = (
					"$(inherited)",
					"@executable_path/Frameworks",
					"@loader_path/Frameworks",
				);
				PRODUCT_BUNDLE_IDENTIFIER = pursuit.UserDefaultsIntroductionTests;
				PRODUCT_NAME = "$(TARGET_NAME)";
				SWIFT_VERSION = 5.0;
				TARGETED_DEVICE_FAMILY = "1,2";
				TEST_HOST = "$(BUILT_PRODUCTS_DIR)/UserDefaultsIntroduction.app/UserDefaultsIntroduction";
			};
			name = Release;
		};
/* End XCBuildConfiguration section */

/* Begin XCConfigurationList section */
		CD7D348A23357E6300D24081 /* Build configuration list for PBXProject "UserDefaultsIntroduction" */ = {
			isa = XCConfigurationList;
			buildConfigurations = (
				CD7D34AA23357E6700D24081 /* Debug */,
				CD7D34AB23357E6700D24081 /* Release */,
			);
			defaultConfigurationIsVisible = 0;
			defaultConfigurationName = Release;
		};
		CD7D34AC23357E6700D24081 /* Build configuration list for PBXNativeTarget "UserDefaultsIntroduction" */ = {
			isa = XCConfigurationList;
			buildConfigurations = (
				CD7D34AD23357E6700D24081 /* Debug */,
				CD7D34AE23357E6700D24081 /* Release */,
			);
			defaultConfigurationIsVisible = 0;
			defaultConfigurationName = Release;
		};
		CD7D34AF23357E6700D24081 /* Build configuration list for PBXNativeTarget "UserDefaultsIntroductionTests" */ = {
			isa = XCConfigurationList;
			buildConfigurations = (
				CD7D34B023357E6700D24081 /* Debug */,
				CD7D34B123357E6700D24081 /* Release */,
			);
			defaultConfigurationIsVisible = 0;
			defaultConfigurationName = Release;
		};
/* End XCConfigurationList section */
	};
	rootObject = CD7D348723357E6300D24081 /* Project object */;
}
